// !$*UTF8*$!
{
	archiveVersion = 1;
	classes = {
	};
	objectVersion = 50;
	objects = {

/* Begin PBXBuildFile section */
		A579802C26CB2C9D009E2A75 /* AppDelegate.swift in Sources */ = {isa = PBXBuildFile; fileRef = A579802B26CB2C9D009E2A75 /* AppDelegate.swift */; };
		A579802E26CB2C9D009E2A75 /* SceneDelegate.swift in Sources */ = {isa = PBXBuildFile; fileRef = A579802D26CB2C9D009E2A75 /* SceneDelegate.swift */; };
		A579803026CB2C9D009E2A75 /* ViewController.swift in Sources */ = {isa = PBXBuildFile; fileRef = A579802F26CB2C9D009E2A75 /* ViewController.swift */; };
		A579803326CB2C9D009E2A75 /* Main.storyboard in Resources */ = {isa = PBXBuildFile; fileRef = A579803126CB2C9D009E2A75 /* Main.storyboard */; };
		A579803526CB2C9F009E2A75 /* Assets.xcassets in Resources */ = {isa = PBXBuildFile; fileRef = A579803426CB2C9F009E2A75 /* Assets.xcassets */; };
		A579803826CB2C9F009E2A75 /* LaunchScreen.storyboard in Resources */ = {isa = PBXBuildFile; fileRef = A579803626CB2C9F009E2A75 /* LaunchScreen.storyboard */; };
		A579804326CB2CA0009E2A75 /* Swift_FunTests.swift in Sources */ = {isa = PBXBuildFile; fileRef = A579804226CB2CA0009E2A75 /* Swift_FunTests.swift */; };
		A579804E26CB2CA0009E2A75 /* Swift_FunUITests.swift in Sources */ = {isa = PBXBuildFile; fileRef = A579804D26CB2CA0009E2A75 /* Swift_FunUITests.swift */; };
/* End PBXBuildFile section */

/* Begin PBXContainerItemProxy section */
		A579803F26CB2CA0009E2A75 /* PBXContainerItemProxy */ = {
			isa = PBXContainerItemProxy;
			containerPortal = A579802026CB2C9D009E2A75 /* Project object */;
			proxyType = 1;
			remoteGlobalIDString = A579802726CB2C9D009E2A75;
			remoteInfo = "Swift Fun";
		};
		A579804A26CB2CA0009E2A75 /* PBXContainerItemProxy */ = {
			isa = PBXContainerItemProxy;
			containerPortal = A579802026CB2C9D009E2A75 /* Project object */;
			proxyType = 1;
			remoteGlobalIDString = A579802726CB2C9D009E2A75;
			remoteInfo = "Swift Fun";
		};
/* End PBXContainerItemProxy section */

/* Begin PBXFileReference section */
		A579802826CB2C9D009E2A75 /* Swift Fun.app */ = {isa = PBXFileReference; explicitFileType = wrapper.application; includeInIndex = 0; path = "Swift Fun.app"; sourceTree = BUILT_PRODUCTS_DIR; };
		A579802B26CB2C9D009E2A75 /* AppDelegate.swift */ = {isa = PBXFileReference; lastKnownFileType = sourcecode.swift; path = AppDelegate.swift; sourceTree = "<group>"; };
		A579802D26CB2C9D009E2A75 /* SceneDelegate.swift */ = {isa = PBXFileReference; lastKnownFileType = sourcecode.swift; path = SceneDelegate.swift; sourceTree = "<group>"; };
		A579802F26CB2C9D009E2A75 /* ViewController.swift */ = {isa = PBXFileReference; lastKnownFileType = sourcecode.swift; path = ViewController.swift; sourceTree = "<group>"; };
		A579803226CB2C9D009E2A75 /* Base */ = {isa = PBXFileReference; lastKnownFileType = file.storyboard; name = Base; path = Base.lproj/Main.storyboard; sourceTree = "<group>"; };
		A579803426CB2C9F009E2A75 /* Assets.xcassets */ = {isa = PBXFileReference; lastKnownFileType = folder.assetcatalog; path = Assets.xcassets; sourceTree = "<group>"; };
		A579803726CB2C9F009E2A75 /* Base */ = {isa = PBXFileReference; lastKnownFileType = file.storyboard; name = Base; path = Base.lproj/LaunchScreen.storyboard; sourceTree = "<group>"; };
		A579803926CB2C9F009E2A75 /* Info.plist */ = {isa = PBXFileReference; lastKnownFileType = text.plist.xml; path = Info.plist; sourceTree = "<group>"; };
		A579803E26CB2CA0009E2A75 /* Swift FunTests.xctest */ = {isa = PBXFileReference; explicitFileType = wrapper.cfbundle; includeInIndex = 0; path = "Swift FunTests.xctest"; sourceTree = BUILT_PRODUCTS_DIR; };
		A579804226CB2CA0009E2A75 /* Swift_FunTests.swift */ = {isa = PBXFileReference; lastKnownFileType = sourcecode.swift; path = Swift_FunTests.swift; sourceTree = "<group>"; };
		A579804426CB2CA0009E2A75 /* Info.plist */ = {isa = PBXFileReference; lastKnownFileType = text.plist.xml; path = Info.plist; sourceTree = "<group>"; };
		A579804926CB2CA0009E2A75 /* Swift FunUITests.xctest */ = {isa = PBXFileReference; explicitFileType = wrapper.cfbundle; includeInIndex = 0; path = "Swift FunUITests.xctest"; sourceTree = BUILT_PRODUCTS_DIR; };
		A579804D26CB2CA0009E2A75 /* Swift_FunUITests.swift */ = {isa = PBXFileReference; lastKnownFileType = sourcecode.swift; path = Swift_FunUITests.swift; sourceTree = "<group>"; };
		A579804F26CB2CA0009E2A75 /* Info.plist */ = {isa = PBXFileReference; lastKnownFileType = text.plist.xml; path = Info.plist; sourceTree = "<group>"; };
/* End PBXFileReference section */

/* Begin PBXFrameworksBuildPhase section */
		A579802526CB2C9D009E2A75 /* Frameworks */ = {
			isa = PBXFrameworksBuildPhase;
			buildActionMask = 2147483647;
			files = (
			);
			runOnlyForDeploymentPostprocessing = 0;
		};
		A579803B26CB2CA0009E2A75 /* Frameworks */ = {
			isa = PBXFrameworksBuildPhase;
			buildActionMask = 2147483647;
			files = (
			);
			runOnlyForDeploymentPostprocessing = 0;
		};
		A579804626CB2CA0009E2A75 /* Frameworks */ = {
			isa = PBXFrameworksBuildPhase;
			buildActionMask = 2147483647;
			files = (
			);
			runOnlyForDeploymentPostprocessing = 0;
		};
/* End PBXFrameworksBuildPhase section */

/* Begin PBXGroup section */
		A579801F26CB2C9D009E2A75 = {
			isa = PBXGroup;
			children = (
				A579802A26CB2C9D009E2A75 /* Swift Fun */,
				A579804126CB2CA0009E2A75 /* Swift FunTests */,
				A579804C26CB2CA0009E2A75 /* Swift FunUITests */,
				A579802926CB2C9D009E2A75 /* Products */,
			);
			sourceTree = "<group>";
		};
		A579802926CB2C9D009E2A75 /* Products */ = {
			isa = PBXGroup;
			children = (
				A579802826CB2C9D009E2A75 /* Swift Fun.app */,
				A579803E26CB2CA0009E2A75 /* Swift FunTests.xctest */,
				A579804926CB2CA0009E2A75 /* Swift FunUITests.xctest */,
			);
			name = Products;
			sourceTree = "<group>";
		};
		A579802A26CB2C9D009E2A75 /* Swift Fun */ = {
			isa = PBXGroup;
			children = (
				A579802B26CB2C9D009E2A75 /* AppDelegate.swift */,
				A579802D26CB2C9D009E2A75 /* SceneDelegate.swift */,
				A579802F26CB2C9D009E2A75 /* ViewController.swift */,
				A579803126CB2C9D009E2A75 /* Main.storyboard */,
				A579803426CB2C9F009E2A75 /* Assets.xcassets */,
				A579803626CB2C9F009E2A75 /* LaunchScreen.storyboard */,
				A579803926CB2C9F009E2A75 /* Info.plist */,
			);
			path = "Swift Fun";
			sourceTree = "<group>";
		};
		A579804126CB2CA0009E2A75 /* Swift FunTests */ = {
			isa = PBXGroup;
			children = (
				A579804226CB2CA0009E2A75 /* Swift_FunTests.swift */,
				A579804426CB2CA0009E2A75 /* Info.plist */,
			);
			path = "Swift FunTests";
			sourceTree = "<group>";
		};
		A579804C26CB2CA0009E2A75 /* Swift FunUITests */ = {
			isa = PBXGroup;
			children = (
				A579804D26CB2CA0009E2A75 /* Swift_FunUITests.swift */,
				A579804F26CB2CA0009E2A75 /* Info.plist */,
			);
			path = "Swift FunUITests";
			sourceTree = "<group>";
		};
/* End PBXGroup section */

/* Begin PBXNativeTarget section */
		A579802726CB2C9D009E2A75 /* Swift Fun */ = {
			isa = PBXNativeTarget;
			buildConfigurationList = A579805226CB2CA0009E2A75 /* Build configuration list for PBXNativeTarget "Swift Fun" */;
			buildPhases = (
				A579802426CB2C9D009E2A75 /* Sources */,
				A579802526CB2C9D009E2A75 /* Frameworks */,
				A579802626CB2C9D009E2A75 /* Resources */,
			);
			buildRules = (
			);
			dependencies = (
			);
			name = "Swift Fun";
			productName = "Swift Fun";
			productReference = A579802826CB2C9D009E2A75 /* Swift Fun.app */;
			productType = "com.apple.product-type.application";
		};
		A579803D26CB2CA0009E2A75 /* Swift FunTests */ = {
			isa = PBXNativeTarget;
			buildConfigurationList = A579805526CB2CA0009E2A75 /* Build configuration list for PBXNativeTarget "Swift FunTests" */;
			buildPhases = (
				A579803A26CB2CA0009E2A75 /* Sources */,
				A579803B26CB2CA0009E2A75 /* Frameworks */,
				A579803C26CB2CA0009E2A75 /* Resources */,
			);
			buildRules = (
			);
			dependencies = (
				A579804026CB2CA0009E2A75 /* PBXTargetDependency */,
			);
			name = "Swift FunTests";
			productName = "Swift FunTests";
			productReference = A579803E26CB2CA0009E2A75 /* Swift FunTests.xctest */;
			productType = "com.apple.product-type.bundle.unit-test";
		};
		A579804826CB2CA0009E2A75 /* Swift FunUITests */ = {
			isa = PBXNativeTarget;
			buildConfigurationList = A579805826CB2CA0009E2A75 /* Build configuration list for PBXNativeTarget "Swift FunUITests" */;
			buildPhases = (
				A579804526CB2CA0009E2A75 /* Sources */,
				A579804626CB2CA0009E2A75 /* Frameworks */,
				A579804726CB2CA0009E2A75 /* Resources */,
			);
			buildRules = (
			);
			dependencies = (
				A579804B26CB2CA0009E2A75 /* PBXTargetDependency */,
			);
			name = "Swift FunUITests";
			productName = "Swift FunUITests";
			productReference = A579804926CB2CA0009E2A75 /* Swift FunUITests.xctest */;
			productType = "com.apple.product-type.bundle.ui-testing";
		};
/* End PBXNativeTarget section */

/* Begin PBXProject section */
		A579802026CB2C9D009E2A75 /* Project object */ = {
			isa = PBXProject;
			attributes = {
				LastSwiftUpdateCheck = 1250;
				LastUpgradeCheck = 1250;
				TargetAttributes = {
					A579802726CB2C9D009E2A75 = {
						CreatedOnToolsVersion = 12.5.1;
					};
					A579803D26CB2CA0009E2A75 = {
						CreatedOnToolsVersion = 12.5.1;
						TestTargetID = A579802726CB2C9D009E2A75;
					};
					A579804826CB2CA0009E2A75 = {
						CreatedOnToolsVersion = 12.5.1;
						TestTargetID = A579802726CB2C9D009E2A75;
					};
				};
			};
			buildConfigurationList = A579802326CB2C9D009E2A75 /* Build configuration list for PBXProject "Swift Fun" */;
			compatibilityVersion = "Xcode 9.3";
			developmentRegion = en;
			hasScannedForEncodings = 0;
			knownRegions = (
				en,
				Base,
			);
			mainGroup = A579801F26CB2C9D009E2A75;
			productRefGroup = A579802926CB2C9D009E2A75 /* Products */;
			projectDirPath = "";
			projectRoot = "";
			targets = (
				A579802726CB2C9D009E2A75 /* Swift Fun */,
				A579803D26CB2CA0009E2A75 /* Swift FunTests */,
				A579804826CB2CA0009E2A75 /* Swift FunUITests */,
			);
		};
/* End PBXProject section */

/* Begin PBXResourcesBuildPhase section */
		A579802626CB2C9D009E2A75 /* Resources */ = {
			isa = PBXResourcesBuildPhase;
			buildActionMask = 2147483647;
			files = (
				A579803826CB2C9F009E2A75 /* LaunchScreen.storyboard in Resources */,
				A579803526CB2C9F009E2A75 /* Assets.xcassets in Resources */,
				A579803326CB2C9D009E2A75 /* Main.storyboard in Resources */,
			);
			runOnlyForDeploymentPostprocessing = 0;
		};
		A579803C26CB2CA0009E2A75 /* Resources */ = {
			isa = PBXResourcesBuildPhase;
			buildActionMask = 2147483647;
			files = (
			);
			runOnlyForDeploymentPostprocessing = 0;
		};
		A579804726CB2CA0009E2A75 /* Resources */ = {
			isa = PBXResourcesBuildPhase;
			buildActionMask = 2147483647;
			files = (
			);
			runOnlyForDeploymentPostprocessing = 0;
		};
/* End PBXResourcesBuildPhase section */

/* Begin PBXSourcesBuildPhase section */
		A579802426CB2C9D009E2A75 /* Sources */ = {
			isa = PBXSourcesBuildPhase;
			buildActionMask = 2147483647;
			files = (
				A579803026CB2C9D009E2A75 /* ViewController.swift in Sources */,
				A579802C26CB2C9D009E2A75 /* AppDelegate.swift in Sources */,
				A579802E26CB2C9D009E2A75 /* SceneDelegate.swift in Sources */,
			);
			runOnlyForDeploymentPostprocessing = 0;
		};
		A579803A26CB2CA0009E2A75 /* Sources */ = {
			isa = PBXSourcesBuildPhase;
			buildActionMask = 2147483647;
			files = (
				A579804326CB2CA0009E2A75 /* Swift_FunTests.swift in Sources */,
			);
			runOnlyForDeploymentPostprocessing = 0;
		};
		A579804526CB2CA0009E2A75 /* Sources */ = {
			isa = PBXSourcesBuildPhase;
			buildActionMask = 2147483647;
			files = (
				A579804E26CB2CA0009E2A75 /* Swift_FunUITests.swift in Sources */,
			);
			runOnlyForDeploymentPostprocessing = 0;
		};
/* End PBXSourcesBuildPhase section */

/* Begin PBXTargetDependency section */
		A579804026CB2CA0009E2A75 /* PBXTargetDependency */ = {
			isa = PBXTargetDependency;
			target = A579802726CB2C9D009E2A75 /* Swift Fun */;
			targetProxy = A579803F26CB2CA0009E2A75 /* PBXContainerItemProxy */;
		};
		A579804B26CB2CA0009E2A75 /* PBXTargetDependency */ = {
			isa = PBXTargetDependency;
			target = A579802726CB2C9D009E2A75 /* Swift Fun */;
			targetProxy = A579804A26CB2CA0009E2A75 /* PBXContainerItemProxy */;
		};
/* End PBXTargetDependency section */

/* Begin PBXVariantGroup section */
		A579803126CB2C9D009E2A75 /* Main.storyboard */ = {
			isa = PBXVariantGroup;
			children = (
				A579803226CB2C9D009E2A75 /* Base */,
			);
			name = Main.storyboard;
			sourceTree = "<group>";
		};
		A579803626CB2C9F009E2A75 /* LaunchScreen.storyboard */ = {
			isa = PBXVariantGroup;
			children = (
				A579803726CB2C9F009E2A75 /* Base */,
			);
			name = LaunchScreen.storyboard;
			sourceTree = "<group>";
		};
/* End PBXVariantGroup section */

/* Begin XCBuildConfiguration section */
		A579805026CB2CA0009E2A75 /* Debug */ = {
			isa = XCBuildConfiguration;
			buildSettings = {
				ALWAYS_SEARCH_USER_PATHS = NO;
				CLANG_ANALYZER_NONNULL = YES;
				CLANG_ANALYZER_NUMBER_OBJECT_CONVERSION = YES_AGGRESSIVE;
				CLANG_CXX_LANGUAGE_STANDARD = "gnu++14";
				CLANG_CXX_LIBRARY = "libc++";
				CLANG_ENABLE_MODULES = YES;
				CLANG_ENABLE_OBJC_ARC = YES;
				CLANG_ENABLE_OBJC_WEAK = YES;
				CLANG_WARN_BLOCK_CAPTURE_AUTORELEASING = YES;
				CLANG_WARN_BOOL_CONVERSION = YES;
				CLANG_WARN_COMMA = YES;
				CLANG_WARN_CONSTANT_CONVERSION = YES;
				CLANG_WARN_DEPRECATED_OBJC_IMPLEMENTATIONS = YES;
				CLANG_WARN_DIRECT_OBJC_ISA_USAGE = YES_ERROR;
				CLANG_WARN_DOCUMENTATION_COMMENTS = YES;
				CLANG_WARN_EMPTY_BODY = YES;
				CLANG_WARN_ENUM_CONVERSION = YES;
				CLANG_WARN_INFINITE_RECURSION = YES;
				CLANG_WARN_INT_CONVERSION = YES;
				CLANG_WARN_NON_LITERAL_NULL_CONVERSION = YES;
				CLANG_WARN_OBJC_IMPLICIT_RETAIN_SELF = YES;
				CLANG_WARN_OBJC_LITERAL_CONVERSION = YES;
				CLANG_WARN_OBJC_ROOT_CLASS = YES_ERROR;
				CLANG_WARN_QUOTED_INCLUDE_IN_FRAMEWORK_HEADER = YES;
				CLANG_WARN_RANGE_LOOP_ANALYSIS = YES;
				CLANG_WARN_STRICT_PROTOTYPES = YES;
				CLANG_WARN_SUSPICIOUS_MOVE = YES;
				CLANG_WARN_UNGUARDED_AVAILABILITY = YES_AGGRESSIVE;
				CLANG_WARN_UNREACHABLE_CODE = YES;
				CLANG_WARN__DUPLICATE_METHOD_MATCH = YES;
				COPY_PHASE_STRIP = NO;
				DEBUG_INFORMATION_FORMAT = dwarf;
				ENABLE_STRICT_OBJC_MSGSEND = YES;
				ENABLE_TESTABILITY = YES;
				GCC_C_LANGUAGE_STANDARD = gnu11;
				GCC_DYNAMIC_NO_PIC = NO;
				GCC_NO_COMMON_BLOCKS = YES;
				GCC_OPTIMIZATION_LEVEL = 0;
				GCC_PREPROCESSOR_DEFINITIONS = (
					"DEBUG=1",
					"$(inherited)",
				);
				GCC_WARN_64_TO_32_BIT_CONVERSION = YES;
				GCC_WARN_ABOUT_RETURN_TYPE = YES_ERROR;
				GCC_WARN_UNDECLARED_SELECTOR = YES;
				GCC_WARN_UNINITIALIZED_AUTOS = YES_AGGRESSIVE;
				GCC_WARN_UNUSED_FUNCTION = YES;
				GCC_WARN_UNUSED_VARIABLE = YES;
				IPHONEOS_DEPLOYMENT_TARGET = 14.5;
				MTL_ENABLE_DEBUG_INFO = INCLUDE_SOURCE;
				MTL_FAST_MATH = YES;
				ONLY_ACTIVE_ARCH = YES;
				SDKROOT = iphoneos;
				SWIFT_ACTIVE_COMPILATION_CONDITIONS = DEBUG;
				SWIFT_OPTIMIZATION_LEVEL = "-Onone";
			};
			name = Debug;
		};
		A579805126CB2CA0009E2A75 /* Release */ = {
			isa = XCBuildConfiguration;
			buildSettings = {
				ALWAYS_SEARCH_USER_PATHS = NO;
				CLANG_ANALYZER_NONNULL = YES;
				CLANG_ANALYZER_NUMBER_OBJECT_CONVERSION = YES_AGGRESSIVE;
				CLANG_CXX_LANGUAGE_STANDARD = "gnu++14";
				CLANG_CXX_LIBRARY = "libc++";
				CLANG_ENABLE_MODULES = YES;
				CLANG_ENABLE_OBJC_ARC = YES;
				CLANG_ENABLE_OBJC_WEAK = YES;
				CLANG_WARN_BLOCK_CAPTURE_AUTORELEASING = YES;
				CLANG_WARN_BOOL_CONVERSION = YES;
				CLANG_WARN_COMMA = YES;
				CLANG_WARN_CONSTANT_CONVERSION = YES;
				CLANG_WARN_DEPRECATED_OBJC_IMPLEMENTATIONS = YES;
				CLANG_WARN_DIRECT_OBJC_ISA_USAGE = YES_ERROR;
				CLANG_WARN_DOCUMENTATION_COMMENTS = YES;
				CLANG_WARN_EMPTY_BODY = YES;
				CLANG_WARN_ENUM_CONVERSION = YES;
				CLANG_WARN_INFINITE_RECURSION = YES;
				CLANG_WARN_INT_CONVERSION = YES;
				CLANG_WARN_NON_LITERAL_NULL_CONVERSION = YES;
				CLANG_WARN_OBJC_IMPLICIT_RETAIN_SELF = YES;
				CLANG_WARN_OBJC_LITERAL_CONVERSION = YES;
				CLANG_WARN_OBJC_ROOT_CLASS = YES_ERROR;
				CLANG_WARN_QUOTED_INCLUDE_IN_FRAMEWORK_HEADER = YES;
				CLANG_WARN_RANGE_LOOP_ANALYSIS = YES;
				CLANG_WARN_STRICT_PROTOTYPES = YES;
				CLANG_WARN_SUSPICIOUS_MOVE = YES;
				CLANG_WARN_UNGUARDED_AVAILABILITY = YES_AGGRESSIVE;
				CLANG_WARN_UNREACHABLE_CODE = YES;
				CLANG_WARN__DUPLICATE_METHOD_MATCH = YES;
				COPY_PHASE_STRIP = NO;
				DEBUG_INFORMATION_FORMAT = "dwarf-with-dsym";
				ENABLE_NS_ASSERTIONS = NO;
				ENABLE_STRICT_OBJC_MSGSEND = YES;
				GCC_C_LANGUAGE_STANDARD = gnu11;
				GCC_NO_COMMON_BLOCKS = YES;
				GCC_WARN_64_TO_32_BIT_CONVERSION = YES;
				GCC_WARN_ABOUT_RETURN_TYPE = YES_ERROR;
				GCC_WARN_UNDECLARED_SELECTOR = YES;
				GCC_WARN_UNINITIALIZED_AUTOS = YES_AGGRESSIVE;
				GCC_WARN_UNUSED_FUNCTION = YES;
				GCC_WARN_UNUSED_VARIABLE = YES;
				IPHONEOS_DEPLOYMENT_TARGET = 14.5;
				MTL_ENABLE_DEBUG_INFO = NO;
				MTL_FAST_MATH = YES;
				SDKROOT = iphoneos;
				SWIFT_COMPILATION_MODE = wholemodule;
				SWIFT_OPTIMIZATION_LEVEL = "-O";
				VALIDATE_PRODUCT = YES;
			};
			name = Release;
		};
		A579805326CB2CA0009E2A75 /* Debug */ = {
			isa = XCBuildConfiguration;
			buildSettings = {
				ASSETCATALOG_COMPILER_APPICON_NAME = AppIcon;
				ASSETCATALOG_COMPILER_GLOBAL_ACCENT_COLOR_NAME = AccentColor;
				CODE_SIGN_STYLE = Automatic;
				DEVELOPMENT_TEAM = H2QCGG69FZ;
				INFOPLIST_FILE = "Swift Fun/Info.plist";
				LD_RUNPATH_SEARCH_PATHS = (
					"$(inherited)",
					"@executable_path/Frameworks",
				);
				PRODUCT_BUNDLE_IDENTIFIER = "Big-River-Creative.Swift-Fun";
				PRODUCT_NAME = "$(TARGET_NAME)";
				SWIFT_VERSION = 5.0;
				TARGETED_DEVICE_FAMILY = "1,2";
			};
			name = Debug;
		};
		A579805426CB2CA0009E2A75 /* Release */ = {
			isa = XCBuildConfiguration;
			buildSettings = {
				ASSETCATALOG_COMPILER_APPICON_NAME = AppIcon;
				ASSETCATALOG_COMPILER_GLOBAL_ACCENT_COLOR_NAME = AccentColor;
				CODE_SIGN_STYLE = Automatic;
				DEVELOPMENT_TEAM = H2QCGG69FZ;
				INFOPLIST_FILE = "Swift Fun/Info.plist";
				LD_RUNPATH_SEARCH_PATHS = (
					"$(inherited)",
					"@executable_path/Frameworks",
				);
				PRODUCT_BUNDLE_IDENTIFIER = "Big-River-Creative.Swift-Fun";
				PRODUCT_NAME = "$(TARGET_NAME)";
				SWIFT_VERSION = 5.0;
				TARGETED_DEVICE_FAMILY = "1,2";
			};
			name = Release;
		};
		A579805626CB2CA0009E2A75 /* Debug */ = {
			isa = XCBuildConfiguration;
			buildSettings = {
				ALWAYS_EMBED_SWIFT_STANDARD_LIBRARIES = YES;
				BUNDLE_LOADER = "$(TEST_HOST)";
				CODE_SIGN_STYLE = Automatic;
				DEVELOPMENT_TEAM = H2QCGG69FZ;
				INFOPLIST_FILE = "Swift FunTests/Info.plist";
				IPHONEOS_DEPLOYMENT_TARGET = 14.5;
				LD_RUNPATH_SEARCH_PATHS = (
					"$(inherited)",
					"@executable_path/Frameworks",
					"@loader_path/Frameworks",
				);
				PRODUCT_BUNDLE_IDENTIFIER = "Big-River-Creative.Swift-FunTests";
				PRODUCT_NAME = "$(TARGET_NAME)";
				SWIFT_VERSION = 5.0;
				TARGETED_DEVICE_FAMILY = "1,2";
				TEST_HOST = "$(BUILT_PRODUCTS_DIR)/Swift Fun.app/Swift Fun";
			};
			name = Debug;
		};
		A579805726CB2CA0009E2A75 /* Release */ = {
			isa = XCBuildConfiguration;
			buildSettings = {
				ALWAYS_EMBED_SWIFT_STANDARD_LIBRARIES = YES;
				BUNDLE_LOADER = "$(TEST_HOST)";
				CODE_SIGN_STYLE = Automatic;
				DEVELOPMENT_TEAM = H2QCGG69FZ;
				INFOPLIST_FILE = "Swift FunTests/Info.plist";
				IPHONEOS_DEPLOYMENT_TARGET = 14.5;
				LD_RUNPATH_SEARCH_PATHS = (
					"$(inherited)",
					"@executable_path/Frameworks",
					"@loader_path/Frameworks",
				);
				PRODUCT_BUNDLE_IDENTIFIER = "Big-River-Creative.Swift-FunTests";
				PRODUCT_NAME = "$(TARGET_NAME)";
				SWIFT_VERSION = 5.0;
				TARGETED_DEVICE_FAMILY = "1,2";
				TEST_HOST = "$(BUILT_PRODUCTS_DIR)/Swift Fun.app/Swift Fun";
			};
			name = Release;
		};
		A579805926CB2CA0009E2A75 /* Debug */ = {
			isa = XCBuildConfiguration;
			buildSettings = {
				ALWAYS_EMBED_SWIFT_STANDARD_LIBRARIES = YES;
				CODE_SIGN_STYLE = Automatic;
				DEVELOPMENT_TEAM = H2QCGG69FZ;
				INFOPLIST_FILE = "Swift FunUITests/Info.plist";
				LD_RUNPATH_SEARCH_PATHS = (
					"$(inherited)",
					"@executable_path/Frameworks",
					"@loader_path/Frameworks",
				);
				PRODUCT_BUNDLE_IDENTIFIER = "Big-River-Creative.Swift-FunUITests";
				PRODUCT_NAME = "$(TARGET_NAME)";
				SWIFT_VERSION = 5.0;
				TARGETED_DEVICE_FAMILY = "1,2";
				TEST_TARGET_NAME = "Swift Fun";
			};
			name = Debug;
		};
		A579805A26CB2CA0009E2A75 /* Release */ = {
			isa = XCBuildConfiguration;
			buildSettings = {
				ALWAYS_EMBED_SWIFT_STANDARD_LIBRARIES = YES;
				CODE_SIGN_STYLE = Automatic;
				DEVELOPMENT_TEAM = H2QCGG69FZ;
				INFOPLIST_FILE = "Swift FunUITests/Info.plist";
				LD_RUNPATH_SEARCH_PATHS = (
					"$(inherited)",
					"@executable_path/Frameworks",
					"@loader_path/Frameworks",
				);
				PRODUCT_BUNDLE_IDENTIFIER = "Big-River-Creative.Swift-FunUITests";
				PRODUCT_NAME = "$(TARGET_NAME)";
				SWIFT_VERSION = 5.0;
				TARGETED_DEVICE_FAMILY = "1,2";
				TEST_TARGET_NAME = "Swift Fun";
			};
			name = Release;
		};
/* End XCBuildConfiguration section */

/* Begin XCConfigurationList section */
		A579802326CB2C9D009E2A75 /* Build configuration list for PBXProject "Swift Fun" */ = {
			isa = XCConfigurationList;
			buildConfigurations = (
				A579805026CB2CA0009E2A75 /* Debug */,
				A579805126CB2CA0009E2A75 /* Release */,
			);
			defaultConfigurationIsVisible = 0;
			defaultConfigurationName = Release;
		};
		A579805226CB2CA0009E2A75 /* Build configuration list for PBXNativeTarget "Swift Fun" */ = {
			isa = XCConfigurationList;
			buildConfigurations = (
				A579805326CB2CA0009E2A75 /* Debug */,
				A579805426CB2CA0009E2A75 /* Release */,
			);
			defaultConfigurationIsVisible = 0;
			defaultConfigurationName = Release;
		};
		A579805526CB2CA0009E2A75 /* Build configuration list for PBXNativeTarget "Swift FunTests" */ = {
			isa = XCConfigurationList;
			buildConfigurations = (
				A579805626CB2CA0009E2A75 /* Debug */,
				A579805726CB2CA0009E2A75 /* Release */,
			);
			defaultConfigurationIsVisible = 0;
			defaultConfigurationName = Release;
		};
		A579805826CB2CA0009E2A75 /* Build configuration list for PBXNativeTarget "Swift FunUITests" */ = {
			isa = XCConfigurationList;
			buildConfigurations = (
				A579805926CB2CA0009E2A75 /* Debug */,
				A579805A26CB2CA0009E2A75 /* Release */,
			);
			defaultConfigurationIsVisible = 0;
			defaultConfigurationName = Release;
		};
/* End XCConfigurationList section */
	};
	rootObject = A579802026CB2C9D009E2A75 /* Project object */;
}
